
Microsoft Visual Studio Solution File, Format Version 12.00
# Visual Studio Version 17
VisualStudioVersion = 17.3.32929.385
MinimumVisualStudioVersion = 10.0.40219.1
Project("{FAE04EC0-301F-11D3-BF4B-00C04F79EFBC}") = "Lab_4", "Lab_4.csproj", "{9C414D80-7F65-4B00-A419-4C97A81B3BC0}"
EndProject
Global
	GlobalSection(SolutionConfigurationPlatforms) = preSolution
		Debug|Any CPU = Debug|Any CPU
		Release|Any CPU = Release|Any CPU
	EndGlobalSection
	GlobalSection(ProjectConfigurationPlatforms) = postSolution
		{9C414D80-7F65-4B00-A419-4C97A81B3BC0}.Debug|Any CPU.ActiveCfg = Debug|Any CPU
		{9C414D80-7F65-4B00-A419-4C97A81B3BC0}.Debug|Any CPU.Build.0 = Debug|Any CPU
		{9C414D80-7F65-4B00-A419-4C97A81B3BC0}.Release|Any CPU.ActiveCfg = Release|Any CPU
		{9C414D80-7F65-4B00-A419-4C97A81B3BC0}.Release|Any CPU.Build.0 = Release|Any CPU
	EndGlobalSection
	GlobalSection(SolutionProperties) = preSolution
		HideSolutionNode = FALSE
	EndGlobalSection
	GlobalSection(ExtensibilityGlobals) = postSolution
		SolutionGuid = {5F5EFD16-A713-4566-90A3-F75F22310600}
	EndGlobalSection
EndGlobal
