
Microsoft Visual Studio Solution File, Format Version 12.00
# Visual Studio Version 17
VisualStudioVersion = 17.3.32929.385
MinimumVisualStudioVersion = 10.0.40219.1
Project("{FAE04EC0-301F-11D3-BF4B-00C04F79EFBC}") = "Lab_2", "Lab_2.csproj", "{6735E1BD-1475-47AE-8DA9-02B3ABE4027A}"
EndProject
Global
	GlobalSection(SolutionConfigurationPlatforms) = preSolution
		Debug|Any CPU = Debug|Any CPU
		Release|Any CPU = Release|Any CPU
	EndGlobalSection
	GlobalSection(ProjectConfigurationPlatforms) = postSolution
		{6735E1BD-1475-47AE-8DA9-02B3ABE4027A}.Debug|Any CPU.ActiveCfg = Debug|Any CPU
		{6735E1BD-1475-47AE-8DA9-02B3ABE4027A}.Debug|Any CPU.Build.0 = Debug|Any CPU
		{6735E1BD-1475-47AE-8DA9-02B3ABE4027A}.Release|Any CPU.ActiveCfg = Release|Any CPU
		{6735E1BD-1475-47AE-8DA9-02B3ABE4027A}.Release|Any CPU.Build.0 = Release|Any CPU
	EndGlobalSection
	GlobalSection(SolutionProperties) = preSolution
		HideSolutionNode = FALSE
	EndGlobalSection
	GlobalSection(ExtensibilityGlobals) = postSolution
		SolutionGuid = {6DB5162F-C301-407B-8C26-624241CE4EDB}
	EndGlobalSection
EndGlobal
